# THIS IS AN AUTOGENERATED FILE. DO NOT EDIT THIS FILE DIRECTLY.
# yarn lockfile v1


"@handsontable/formulajs@^2.0.0":
  version "2.0.0"
  resolved "https://registry.yarnpkg.com/@handsontable/formulajs/-/formulajs-2.0.0.tgz#3e41fedbb51a195dd5b8c2694afe171ec08f3a02"
  integrity sha1-PkH+27UaGV3VuMJpSv4XHsCPOgI=
  dependencies:
    bessel "^0.2.0"
    jStat "^1.7.0"

"@types/pikaday@1.6.0":
  version "1.6.0"
  resolved "https://registry.yarnpkg.com/@types/pikaday/-/pikaday-1.6.0.tgz#46c1d67a9ef706284ac2b72bf31bf381a56bf3c0"
  integrity sha512-cnKjF7i6oA1ADxQdSWHcEStLZeiH8qbf6l7B9O88PhLgnmbUMM62ali0/PaDtINm6ezpNcqtERWL6Y+pAgHKQQ==
  dependencies:
    moment ">=2.14.0"

bessel@^0.2.0:
  version "0.2.0"
  resolved "https://registry.yarnpkg.com/bessel/-/bessel-0.2.0.tgz#13cb39cd29233219ec2da725e0ba0c66fb46b6f2"
  integrity sha1-E8s5zSkjMhnsLacl4LoMZvtGtvI=
  dependencies:
    voc ""

bignumber.js@^8.0.1:
  version "8.1.1"
  resolved "https://registry.yarnpkg.com/bignumber.js/-/bignumber.js-8.1.1.tgz#4b072ae5aea9c20f6730e4e5d529df1271c4d885"
  integrity sha512-QD46ppGintwPGuL1KqmwhR0O+N2cZUg8JG/VzwI2e28sM9TqHjQB10lI4QAaMHVbLzwVLLAwEglpKPViWX+5NQ==

bootstrap@^4.3.1:
  version "4.3.1"
  resolved "https://registry.yarnpkg.com/bootstrap/-/bootstrap-4.3.1.tgz#280ca8f610504d99d7b6b4bfc4b68cec601704ac"
  integrity sha512-rXqOmH1VilAt2DyPzluTi2blhk17bO7ef+zLLPlWvG494pDxcM234pJ8wTc/6R40UWizAIIMgxjvxZg5kmsbag==

codemirror@^5.45.0:
  version "5.45.0"
  resolved "https://registry.yarnpkg.com/codemirror/-/codemirror-5.45.0.tgz#db5ebbb3bf44028c684053f3954d011efcec27ad"
  integrity sha512-c19j644usCE8gQaXa0jqn2B/HN9MnB2u6qPIrrhrMkB+QAP42y8G4QnTwuwbVSoUS1jEl7JU9HZMGhCDL0nsAw==

handsontable@^7.0.0:
  version "7.0.0"
  resolved "https://registry.yarnpkg.com/handsontable/-/handsontable-7.0.0.tgz#654c441eb837f4049b45af3cf37bc5b75eaec4bf"
  integrity sha512-j6AozjIwpTHV+tgyejlAZnSQiRFRyxptEAIyon9pBNKqpIjj2CFeqh+IZjPUvOCcOdKhkXFJIXoObcMIuAu1bA==
  dependencies:
    "@types/pikaday" "1.6.0"
    hot-formula-parser "^3.0.0"
    moment "2.20.1"
    numbro "^2.0.6"
    pikaday "1.5.1"

hot-formula-parser@^3.0.0:
  version "3.0.0"
  resolved "https://registry.yarnpkg.com/hot-formula-parser/-/hot-formula-parser-3.0.0.tgz#4019db8d565b84293ad7d1e46fcc1a4f894bb72e"
  integrity sha512-CHLTrsrv29it5XPcHalNO8ClcJGHefwf599MePlG5dYzxxtbPqx/qt8CkrqvxQeNA5XtkAUcxU62OFv0z2L49A==
  dependencies:
    "@handsontable/formulajs" "^2.0.0"
    tiny-emitter "^2.0.1"

jStat@^1.7.0:
  version "1.7.1"
  resolved "https://registry.yarnpkg.com/jStat/-/jStat-1.7.1.tgz#e636dd87d72b305c060dfcc901de1732d15130c1"
  integrity sha512-toueem/U5hyHM6pqe6OZOL/5P8MrY7Ss1K8Brg+TcfX+RAjDU/sbwy72fwzmLPQ5ykdBe1UEoWQHc7OSNWMUDQ==

jquery@>=1.9.1:
  version "3.3.1"
  resolved "https://registry.yarnpkg.com/jquery/-/jquery-3.3.1.tgz#958ce29e81c9790f31be7792df5d4d95fc57fbca"
  integrity sha512-Ubldcmxp5np52/ENotGxlLe6aGMvmF4R8S6tZjsP6Knsaxd/xp3Zrh50cG93lR6nPXyUFwzN3ZSOQI0wRJNdGg==

jstree@^3.3.7:
  version "3.3.7"
  resolved "https://registry.yarnpkg.com/jstree/-/jstree-3.3.7.tgz#41df485d66148836ac389603a3e12f4574b06251"
  integrity sha512-yzzalO1TbZ4HdPezO43LesGI4Wv2sB0Nl+4GfwO0YYvehGws5qtTAhlBISxfur9phMLwCtf9GjHlRx2ZLXyRnw==
  dependencies:
    jquery ">=1.9.1"

moment@2.20.1:
  version "2.20.1"
  resolved "https://registry.yarnpkg.com/moment/-/moment-2.20.1.tgz#d6eb1a46cbcc14a2b2f9434112c1ff8907f313fd"
  integrity sha512-Yh9y73JRljxW5QxN08Fner68eFLxM5ynNOAw2LbIB1YAGeQzZT8QFSUvkAz609Zf+IHhhaUxqZK8dG3W/+HEvg==

moment@2.x, moment@>=2.14.0:
  version "2.24.0"
  resolved "https://registry.yarnpkg.com/moment/-/moment-2.24.0.tgz#0d055d53f5052aa653c9f6eb68bb5d12bf5c2b5b"
  integrity sha512-bV7f+6l2QigeBBZSM/6yTNq4P2fNpSWj/0e7jQcy87A8e7o2nAfP/34/2ky5Vw4B9S446EtIhodAzkFCcR4dQg==

numbro@^2.0.6:
  version "2.1.2"
  resolved "https://registry.yarnpkg.com/numbro/-/numbro-2.1.2.tgz#2d51104f09b5d69aef7e15bb565d7795e47ecfd6"
  integrity sha512-7w833BxZmKGLE9HI0aREtNVRVH6WTYUUlWf4qgA5gKNhPQ4F/MRZ14sc0v8eoLORprk9ZTVwYaLwj8N3Zgxwiw==
  dependencies:
    bignumber.js "^8.0.1"

pikaday@1.5.1:
  version "1.5.1"
  resolved "https://registry.yarnpkg.com/pikaday/-/pikaday-1.5.1.tgz#0a48549bc1a14ea1d08c44074d761bc2f2bfcfd3"
  integrity sha1-CkhUm8GhTqHQjEQHTXYbwvK/z9M=
  optionalDependencies:
    moment "2.x"

tiny-emitter@^2.0.1:
  version "2.1.0"
  resolved "https://registry.yarnpkg.com/tiny-emitter/-/tiny-emitter-2.1.0.tgz#1d1a56edfc51c43e863cbb5382a72330e3555423"
  integrity sha512-NB6Dk1A9xgQPMoGqC5CVXn123gWyte215ONT5Pp5a0yt4nlEoO1ZWeCwpncaekPHXO60i47ihFnZPiRPjRMq4Q==

voc@:
  version "1.1.0"
  resolved "https://registry.yarnpkg.com/voc/-/voc-1.1.0.tgz#d1a08aeff66646bf17cdba2e47c935a7a9b0218b"
  integrity sha512-fthgd8OJLqq8vPcLjElTk6Rcl2e3v5ekcXauImaqEnQqd5yUWKg1+ZOBgS2KTWuVKcuvZMQq4TDptiT1uYddUA==
